
Microsoft Visual Studio Solution File, Format Version 12.00
# Visual Studio Version 17
VisualStudioVersion = 17.10.35013.160
MinimumVisualStudioVersion = 10.0.40219.1
Project("{FAE04EC0-301F-11D3-BF4B-00C04F79EFBC}") = "CommandDP", "CommandDP\CommandDP.csproj", "{7D85F520-683E-41B2-9194-79C1AFC2FAB8}"
EndProject
Global
	GlobalSection(SolutionConfigurationPlatforms) = preSolution
		Debug|Any CPU = Debug|Any CPU
		Release|Any CPU = Release|Any CPU
	EndGlobalSection
	GlobalSection(ProjectConfigurationPlatforms) = postSolution
		{7D85F520-683E-41B2-9194-79C1AFC2FAB8}.Debug|Any CPU.ActiveCfg = Debug|Any CPU
		{7D85F520-683E-41B2-9194-79C1AFC2FAB8}.Debug|Any CPU.Build.0 = Debug|Any CPU
		{7D85F520-683E-41B2-9194-79C1AFC2FAB8}.Release|Any CPU.ActiveCfg = Release|Any CPU
		{7D85F520-683E-41B2-9194-79C1AFC2FAB8}.Release|Any CPU.Build.0 = Release|Any CPU
	EndGlobalSection
	GlobalSection(SolutionProperties) = preSolution
		HideSolutionNode = FALSE
	EndGlobalSection
	GlobalSection(ExtensibilityGlobals) = postSolution
		SolutionGuid = {ACAE32A8-F8D5-45FE-9F3A-56F1F5341B1E}
	EndGlobalSection
EndGlobal
